
Microsoft Visual Studio Solution File, Format Version 12.00
# Visual Studio Version 17
VisualStudioVersion = 17.11.35222.181
MinimumVisualStudioVersion = 10.0.40219.1
Project("{8BC9CEB8-8B4A-11D0-8D11-00A0C91BC942}") = "923.c", "923.c.vcxproj", "{67E28EAC-5BF2-4CAA-8CC1-6BD64A9AFABF}"
EndProject
Global
	GlobalSection(SolutionConfigurationPlatforms) = preSolution
		Debug|x64 = Debug|x64
		Debug|x86 = Debug|x86
		Release|x64 = Release|x64
		Release|x86 = Release|x86
	EndGlobalSection
	GlobalSection(ProjectConfigurationPlatforms) = postSolution
		{67E28EAC-5BF2-4CAA-8CC1-6BD64A9AFABF}.Debug|x64.ActiveCfg = Debug|x64
		{67E28EAC-5BF2-4CAA-8CC1-6BD64A9AFABF}.Debug|x64.Build.0 = Debug|x64
		{67E28EAC-5BF2-4CAA-8CC1-6BD64A9AFABF}.Debug|x86.ActiveCfg = Debug|Win32
		{67E28EAC-5BF2-4CAA-8CC1-6BD64A9AFABF}.Debug|x86.Build.0 = Debug|Win32
		{67E28EAC-5BF2-4CAA-8CC1-6BD64A9AFABF}.Release|x64.ActiveCfg = Release|x64
		{67E28EAC-5BF2-4CAA-8CC1-6BD64A9AFABF}.Release|x64.Build.0 = Release|x64
		{67E28EAC-5BF2-4CAA-8CC1-6BD64A9AFABF}.Release|x86.ActiveCfg = Release|Win32
		{67E28EAC-5BF2-4CAA-8CC1-6BD64A9AFABF}.Release|x86.Build.0 = Release|Win32
	EndGlobalSection
	GlobalSection(SolutionProperties) = preSolution
		HideSolutionNode = FALSE
	EndGlobalSection
	GlobalSection(ExtensibilityGlobals) = postSolution
		SolutionGuid = {9C0C8EE7-C9EC-4268-AA56-352BDC1BD5E6}
	EndGlobalSection
EndGlobal
